{
    "_readme": [
        "This file locks the dependencies of your project to a known state",
        "Read more about it at https://getcomposer.org/doc/01-basic-usage.md#installing-dependencies",
        "This file is @generated automatically"
    ],
    "content-hash": "58ba7cfd23f1f93dd3a680328f59dd23",
    "packages": [
        {
            "name": "luchaninov/csv-file-loader",
            "version": "1.7.0",
            "source": {
                "type": "git",
                "url": "https://github.com/luchaninov/csv-file-loader.git",
                "reference": "1217a2ef5fb69d982c6b4be6ede477caa69c92b9"
            },
            "dist": {
                "type": "zip",
                "url": "https://api.github.com/repos/luchaninov/csv-file-loader/zipball/1217a2ef5fb69d982c6b4be6ede477caa69c92b9",
                "reference": "1217a2ef5fb69d982c6b4be6ede477caa69c92b9",
                "shasum": ""
            },
            "require": {
                "php": ">=5.5.0"
            },
            "type": "library",
            "extra": {
                "branch-alias": {
                    "dev-master": "1.0.x-dev"
                }
            },
            "autoload": {
                "psr-4": {
                    "Luchaninov\\CsvFileLoader\\": "src"
                }
            },
            "notification-url": "https://packagist.org/downloads/",
            "license": [
                "MIT"
            ],
            "authors": [
                {
                    "name": "Vladimir Luchaninov",
                    "homepage": "http://luchaninov.com"
                }
            ],
            "description": "Load CSV files using PHP generators",
            "keywords": [
                "csv",
                "generator",
                "loader",
                "tsv"
            ],
            "time": "2015-11-09T13:27:50+00:00"
        }
    ],
    "packages-dev": [],
    "aliases": [],
    "minimum-stability": "stable",
    "stability-flags": [],
    "prefer-stable": false,
    "prefer-lowest": false,
    "platform": [],
    "platform-dev": [],
    "plugin-api-version": "1.1.0"
}
